
Microsoft Visual Studio Solution File, Format Version 12.00
# Visual Studio Version 16
VisualStudioVersion = 16.0.30523.141
MinimumVisualStudioVersion = 10.0.40219.1
Project("{FAE04EC0-301F-11D3-BF4B-00C04F79EFBC}") = "LivrariaVirtualApp.Infrastructure", "LivrariaVirtualApp.Infrastructure\LivrariaVirtualApp.Infrastructure.csproj", "{DF3F6061-A600-4B60-88D6-C8B880B56858}"
EndProject
Project("{FAE04EC0-301F-11D3-BF4B-00C04F79EFBC}") = "LivrariaVirtualApp.Domain", "..\LivrariaVirtualApp.Domain\LivrariaVirtualApp.Domain.csproj", "{A2C2EE45-B132-4D01-B165-FDF37DCE91A1}"
EndProject
Project("{FAE04EC0-301F-11D3-BF4B-00C04F79EFBC}") = "LivrariaVirtualAppConsole", "..\LivrariaVirtualAppConsole\LivrariaVirtualAppConsole.csproj", "{13525A5C-A15B-4787-8702-46FB2ECDC6FB}"
EndProject
Global
	GlobalSection(SolutionConfigurationPlatforms) = preSolution
		Debug|Any CPU = Debug|Any CPU
		Release|Any CPU = Release|Any CPU
	EndGlobalSection
	GlobalSection(ProjectConfigurationPlatforms) = postSolution
		{DF3F6061-A600-4B60-88D6-C8B880B56858}.Debug|Any CPU.ActiveCfg = Debug|Any CPU
		{DF3F6061-A600-4B60-88D6-C8B880B56858}.Debug|Any CPU.Build.0 = Debug|Any CPU
		{DF3F6061-A600-4B60-88D6-C8B880B56858}.Release|Any CPU.ActiveCfg = Release|Any CPU
		{DF3F6061-A600-4B60-88D6-C8B880B56858}.Release|Any CPU.Build.0 = Release|Any CPU
		{A2C2EE45-B132-4D01-B165-FDF37DCE91A1}.Debug|Any CPU.ActiveCfg = Debug|Any CPU
		{A2C2EE45-B132-4D01-B165-FDF37DCE91A1}.Debug|Any CPU.Build.0 = Debug|Any CPU
		{A2C2EE45-B132-4D01-B165-FDF37DCE91A1}.Release|Any CPU.ActiveCfg = Release|Any CPU
		{A2C2EE45-B132-4D01-B165-FDF37DCE91A1}.Release|Any CPU.Build.0 = Release|Any CPU
		{13525A5C-A15B-4787-8702-46FB2ECDC6FB}.Debug|Any CPU.ActiveCfg = Debug|Any CPU
		{13525A5C-A15B-4787-8702-46FB2ECDC6FB}.Debug|Any CPU.Build.0 = Debug|Any CPU
		{13525A5C-A15B-4787-8702-46FB2ECDC6FB}.Release|Any CPU.ActiveCfg = Release|Any CPU
		{13525A5C-A15B-4787-8702-46FB2ECDC6FB}.Release|Any CPU.Build.0 = Release|Any CPU
	EndGlobalSection
	GlobalSection(SolutionProperties) = preSolution
		HideSolutionNode = FALSE
	EndGlobalSection
	GlobalSection(ExtensibilityGlobals) = postSolution
		SolutionGuid = {C9B94BE5-170A-45ED-AC56-45861D065BEF}
	EndGlobalSection
EndGlobal
